
Microsoft Visual Studio Solution File, Format Version 12.00
# Visual Studio Version 17
VisualStudioVersion = 17.10.35013.160
MinimumVisualStudioVersion = 10.0.40219.1
Project("{2150E333-8FDC-42A3-9474-1A3956D46DE8}") = "Services", "Services", "{C57696CE-AB7E-4AF0-8E21-971271628408}"
EndProject
Project("{2150E333-8FDC-42A3-9474-1A3956D46DE8}") = "Catalog", "Catalog", "{55742BAD-F54D-491C-AFF8-C337B1655FAB}"
EndProject
Project("{9A19103F-16F7-4668-BE54-9A1E7A4F7556}") = "Catalog.API", "Services\Catalog\Catalog.API\Catalog.API.csproj", "{E9D816EF-068E-4EBF-9556-374DC595D095}"
EndProject
Project("{2150E333-8FDC-42A3-9474-1A3956D46DE8}") = "BuildingBlocks", "BuildingBlocks", "{47D0F772-949D-4418-96C2-22EFD91F6B73}"
EndProject
Project("{9A19103F-16F7-4668-BE54-9A1E7A4F7556}") = "BuildingBlocks", "BuildingBlocks\BuildingBlocks\BuildingBlocks.csproj", "{08466B22-E6A7-4680-904C-23EBE0E3FBE7}"
EndProject
Project("{2150E333-8FDC-42A3-9474-1A3956D46DE8}") = "Basket", "Basket", "{05EE94AB-53D1-4164-A1C3-AC6986DBEA0F}"
EndProject
Project("{9A19103F-16F7-4668-BE54-9A1E7A4F7556}") = "Basket.API", "Services\Basket\Basket.API\Basket.API.csproj", "{6105068E-E163-4B90-8304-18E91BD9CD80}"
EndProject
Project("{2150E333-8FDC-42A3-9474-1A3956D46DE8}") = "Discount", "Discount", "{FC5BDCAD-A010-47AE-927B-AC6A441A81C2}"
EndProject
Project("{FAE04EC0-301F-11D3-BF4B-00C04F79EFBC}") = "Discount.Grpc", "Services\Discount\Discount.Grpc\Discount.Grpc.csproj", "{1266849A-5F09-4105-8246-69849B96ABFB}"
EndProject
Project("{E53339B2-1760-4266-BCC7-CA923CBCF16C}") = "docker-compose", "docker-compose.dcproj", "{5233DB16-682B-40D8-ADBA-BAE1132ED156}"
EndProject
Global
	GlobalSection(SolutionConfigurationPlatforms) = preSolution
		Debug|Any CPU = Debug|Any CPU
		Release|Any CPU = Release|Any CPU
	EndGlobalSection
	GlobalSection(ProjectConfigurationPlatforms) = postSolution
		{E9D816EF-068E-4EBF-9556-374DC595D095}.Debug|Any CPU.ActiveCfg = Debug|Any CPU
		{E9D816EF-068E-4EBF-9556-374DC595D095}.Debug|Any CPU.Build.0 = Debug|Any CPU
		{E9D816EF-068E-4EBF-9556-374DC595D095}.Release|Any CPU.ActiveCfg = Release|Any CPU
		{E9D816EF-068E-4EBF-9556-374DC595D095}.Release|Any CPU.Build.0 = Release|Any CPU
		{08466B22-E6A7-4680-904C-23EBE0E3FBE7}.Debug|Any CPU.ActiveCfg = Debug|Any CPU
		{08466B22-E6A7-4680-904C-23EBE0E3FBE7}.Debug|Any CPU.Build.0 = Debug|Any CPU
		{08466B22-E6A7-4680-904C-23EBE0E3FBE7}.Release|Any CPU.ActiveCfg = Release|Any CPU
		{08466B22-E6A7-4680-904C-23EBE0E3FBE7}.Release|Any CPU.Build.0 = Release|Any CPU
		{6105068E-E163-4B90-8304-18E91BD9CD80}.Debug|Any CPU.ActiveCfg = Debug|Any CPU
		{6105068E-E163-4B90-8304-18E91BD9CD80}.Debug|Any CPU.Build.0 = Debug|Any CPU
		{6105068E-E163-4B90-8304-18E91BD9CD80}.Release|Any CPU.ActiveCfg = Release|Any CPU
		{6105068E-E163-4B90-8304-18E91BD9CD80}.Release|Any CPU.Build.0 = Release|Any CPU
		{1266849A-5F09-4105-8246-69849B96ABFB}.Debug|Any CPU.ActiveCfg = Debug|Any CPU
		{1266849A-5F09-4105-8246-69849B96ABFB}.Debug|Any CPU.Build.0 = Debug|Any CPU
		{1266849A-5F09-4105-8246-69849B96ABFB}.Release|Any CPU.ActiveCfg = Release|Any CPU
		{1266849A-5F09-4105-8246-69849B96ABFB}.Release|Any CPU.Build.0 = Release|Any CPU
		{5233DB16-682B-40D8-ADBA-BAE1132ED156}.Debug|Any CPU.ActiveCfg = Debug|Any CPU
		{5233DB16-682B-40D8-ADBA-BAE1132ED156}.Debug|Any CPU.Build.0 = Debug|Any CPU
		{5233DB16-682B-40D8-ADBA-BAE1132ED156}.Release|Any CPU.ActiveCfg = Release|Any CPU
		{5233DB16-682B-40D8-ADBA-BAE1132ED156}.Release|Any CPU.Build.0 = Release|Any CPU
	EndGlobalSection
	GlobalSection(SolutionProperties) = preSolution
		HideSolutionNode = FALSE
	EndGlobalSection
	GlobalSection(NestedProjects) = preSolution
		{55742BAD-F54D-491C-AFF8-C337B1655FAB} = {C57696CE-AB7E-4AF0-8E21-971271628408}
		{E9D816EF-068E-4EBF-9556-374DC595D095} = {55742BAD-F54D-491C-AFF8-C337B1655FAB}
		{08466B22-E6A7-4680-904C-23EBE0E3FBE7} = {47D0F772-949D-4418-96C2-22EFD91F6B73}
		{05EE94AB-53D1-4164-A1C3-AC6986DBEA0F} = {C57696CE-AB7E-4AF0-8E21-971271628408}
		{6105068E-E163-4B90-8304-18E91BD9CD80} = {05EE94AB-53D1-4164-A1C3-AC6986DBEA0F}
		{FC5BDCAD-A010-47AE-927B-AC6A441A81C2} = {C57696CE-AB7E-4AF0-8E21-971271628408}
		{1266849A-5F09-4105-8246-69849B96ABFB} = {FC5BDCAD-A010-47AE-927B-AC6A441A81C2}
	EndGlobalSection
	GlobalSection(ExtensibilityGlobals) = postSolution
		SolutionGuid = {B2BB32E1-98DC-4534-9B89-063A7F804EB6}
	EndGlobalSection
EndGlobal
